[[package]]
name = "appdirs"
version = "1.4.3"
description = "A small Python module for determining appropriate platform-specific dirs, e.g. a \"user data dir\"."
category = "main"
optional = false
python-versions = "*"

[[package]]
name = "bonobo"
version = "0.6.4"
description = "Bonobo, a simple, modern and atomic extract-transform-load toolkit for python 3.5+."
category = "main"
optional = false
python-versions = "*"

[package.dependencies]
fs = ">=2.0,<3.0"
graphviz = ">=0.8,<0.9"
jinja2 = ">=2.9,<3.0"
mondrian = ">=0.7,<1.0"
packaging = ">=19.0,<20.0"
psutil = ">=5.4,<6.0"
python-slugify = ">=1.2.0,<1.3.0"
requests = ">=2.0,<3.0"
stevedore = ">=1.27,<2.0"
whistle = ">=1.0,<2.0"

[package.extras]
dev = ["cookiecutter (>=1.5,<1.6)", "coverage (>=4.4,<5.0)", "pytest (>=3.4,<4.0)", "pytest-cov (>=2.5,<3.0)", "pytest-timeout (>=1,<2)", "sphinx (>=1.7,<2.0)", "sphinx-sitemap (>=0.2,<0.3)"]
docker = ["bonobo-docker (>=0.6.0a1,<0.7.0)"]
jupyter = ["ipywidgets (>=6.0,<7.0)", "jupyter (>=1.0,<2.0)"]
sqlalchemy = ["bonobo-sqlalchemy (>=0.6.0a1,<0.7.0)"]

[[package]]
name = "certifi"
version = "2022.12.7"
description = "Python package for providing Mozilla's CA Bundle."
category = "main"
optional = false
python-versions = ">=3.6"

[[package]]
name = "chardet"
version = "3.0.4"
description = "Universal encoding detector for Python 2 and 3"
category = "main"
optional = false
python-versions = "*"

[[package]]
name = "colorama"
version = "0.3.9"
description = "Cross-platform colored terminal text."
category = "main"
optional = false
python-versions = "*"

[[package]]
name = "dpath"
version = "2.0.1"
description = "Filesystem-like pathing and searching for dictionaries"
category = "main"
optional = false
python-versions = "*"

[[package]]
name = "emoji"
version = "0.5.4"
description = "Emoji for Python"
category = "main"
optional = false
python-versions = "*"

[package.extras]
dev = ["coverage", "coveralls", "nose"]

[[package]]
name = "fs"
version = "2.4.11"
description = "Python's filesystem abstraction layer"
category = "main"
optional = false
python-versions = "*"

[package.dependencies]
appdirs = ">=1.4.3,<1.5.0"
pytz = "*"
setuptools = "*"
six = ">=1.10,<2.0"

[package.extras]
scandir- = ["scandir (>=1.5,<2.0)"]

[[package]]
name = "graphviz"
version = "0.8.4"
description = "Simple Python interface for Graphviz"
category = "main"
optional = false
python-versions = ">=2.7,!=3.0.*,!=3.1.*,!=3.2.*,!=3.3.*"

[package.extras]
dev = ["flake8", "pep8-naming", "tox (>=3.0)", "twine", "wheel"]
docs = ["sphinx (>=1.3)", "sphinx-rtd-theme"]
test = ["mock (>=2)", "pytest (>=3.4)", "pytest-cov", "pytest-mock (>=1.8)"]

[[package]]
name = "idna"
version = "2.9"
description = "Internationalized Domain Names in Applications (IDNA)"
category = "main"
optional = false
python-versions = ">=2.7, !=3.0.*, !=3.1.*, !=3.2.*, !=3.3.*"

[[package]]
name = "jinja2"
version = "2.11.1"
description = "A very fast and expressive template engine."
category = "main"
optional = false
python-versions = ">=2.7, !=3.0.*, !=3.1.*, !=3.2.*, !=3.3.*, !=3.4.*"

[package.dependencies]
MarkupSafe = ">=0.23"

[package.extras]
i18n = ["Babel (>=0.8)"]

[[package]]
name = "jplephem"
version = "2.14"
description = "Use a JPL ephemeris to predict planet positions."
category = "main"
optional = false
python-versions = "*"

[package.dependencies]
numpy = "*"

[[package]]
name = "lunardate"
version = "0.2.0"
description = "A Chinese Calendar Library in Pure Python"
category = "main"
optional = false
python-versions = "*"

[[package]]
name = "markupsafe"
version = "1.1.1"
description = "Safely add untrusted strings to HTML/XML markup."
category = "main"
optional = false
python-versions = ">=2.7,!=3.0.*,!=3.1.*,!=3.2.*,!=3.3.*"

[[package]]
name = "mondrian"
version = "0.8.0"
description = "Mondrian helps you to configure and use python's logging module once and for ever."
category = "main"
optional = false
python-versions = "*"

[package.dependencies]
colorama = ">=0.3.7,<0.4.0"

[package.extras]
dev = ["coverage (>=4.4,<5.0)", "pytest (>=3.4,<4.0)", "pytest-cov (>=2.5,<3.0)", "sphinx (>=1.7,<2.0)"]

[[package]]
name = "numpy"
version = "1.18.2"
description = "NumPy is the fundamental package for array computing with Python."
category = "main"
optional = false
python-versions = ">=3.5"

[[package]]
name = "packaging"
version = "19.2"
description = "Core utilities for Python packages"
category = "main"
optional = false
python-versions = ">=2.7, !=3.0.*, !=3.1.*, !=3.2.*, !=3.3.*"

[package.dependencies]
pyparsing = ">=2.0.2"
six = "*"

[[package]]
name = "pbr"
version = "5.4.5"
description = "Python Build Reasonableness"
category = "main"
optional = false
python-versions = "*"

[[package]]
name = "psutil"
version = "5.7.0"
description = "Cross-platform lib for process and system monitoring in Python."
category = "main"
optional = false
python-versions = ">=2.6, !=3.0.*, !=3.1.*, !=3.2.*, !=3.3.*"

[package.extras]
enum = ["enum34"]

[[package]]
name = "pycalverter"
version = "1.6.1"
description = "Python Calendar Converter"
category = "main"
optional = false
python-versions = "*"

[[package]]
name = "pyluach"
version = "1.0.1"
description = "Pyluach is a Python package for manipulating Hebrew dates, Gregorian-Hebrew calendar conversions, and other Jewish calendar related calculations."
category = "main"
optional = false
python-versions = "*"

[[package]]
name = "pyparsing"
version = "2.4.7"
description = "Python parsing module"
category = "main"
optional = false
python-versions = ">=2.6, !=3.0.*, !=3.1.*, !=3.2.*"

[[package]]
name = "python-dateutil"
version = "2.8.1"
description = "Extensions to the standard Python datetime module"
category = "main"
optional = false
python-versions = "!=3.0.*,!=3.1.*,!=3.2.*,>=2.7"

[package.dependencies]
six = ">=1.5"

[[package]]
name = "python-slugify"
version = "1.2.6"
description = "A Python Slugify application that handles Unicode"
category = "main"
optional = false
python-versions = "*"

[package.dependencies]
Unidecode = ">=0.04.16"

[[package]]
name = "pytz"
version = "2019.3"
description = "World timezone definitions, modern and historical"
category = "main"
optional = false
python-versions = "*"

[[package]]
name = "requests"
version = "2.23.0"
description = "Python HTTP for Humans."
category = "main"
optional = false
python-versions = ">=2.7, !=3.0.*, !=3.1.*, !=3.2.*, !=3.3.*, !=3.4.*"

[package.dependencies]
certifi = ">=2017.4.17"
chardet = ">=3.0.2,<4"
idna = ">=2.5,<3"
urllib3 = ">=1.21.1,<1.25.0 || >1.25.0,<1.25.1 || >1.25.1,<1.26"

[package.extras]
security = ["cryptography (>=1.3.4)", "pyOpenSSL (>=0.14)"]
socks = ["PySocks (>=1.5.6,!=1.5.7)", "win-inet-pton"]

[[package]]
name = "setuptools"
version = "59.6.0"
description = "Easily download, build, install, upgrade, and uninstall Python packages"
category = "main"
optional = false
python-versions = ">=3.6"

[package.extras]
docs = ["furo", "jaraco.packaging (>=8.2)", "jaraco.tidelift (>=1.4)", "pygments-github-lexers (==0.0.5)", "rst.linker (>=1.9)", "sphinx", "sphinx-inline-tabs", "sphinxcontrib-towncrier"]
testing = ["flake8-2020", "jaraco.envs (>=2.2)", "jaraco.path (>=3.2.0)", "mock", "paver", "pip (>=19.1)", "pytest (>=6)", "pytest-black (>=0.3.7)", "pytest-checkdocs (>=2.4)", "pytest-cov", "pytest-enabler (>=1.0.1)", "pytest-flake8", "pytest-mypy", "pytest-virtualenv (>=1.2.7)", "pytest-xdist", "sphinx", "virtualenv (>=13.0.0)", "wheel"]

[[package]]
name = "sgp4"
version = "2.5"
description = "Track earth satellite TLE orbits using up-to-date 2010 version of SGP4"
category = "main"
optional = false
python-versions = "*"

[[package]]
name = "six"
version = "1.14.0"
description = "Python 2 and 3 compatibility utilities"
category = "main"
optional = false
python-versions = ">=2.7, !=3.0.*, !=3.1.*, !=3.2.*"

[[package]]
name = "skyfield"
version = "1.18"
description = "Elegant astronomy for Python"
category = "main"
optional = false
python-versions = "*"

[package.dependencies]
jplephem = ">=2.11"
numpy = "*"
sgp4 = ">=2.2"

[package.extras]
tests = ["pytz"]

[[package]]
name = "skyfield-data"
version = "0.1.0"
description = "Data package for Skyfield"
category = "main"
optional = false
python-versions = ">=2.6, !=3.0.*, !=3.1.*, !=3.2.*, !=3.3.*, !=3.4.*, <4"

[package.extras]
dev = ["colorama", "jplephem", "numpy", "termcolor", "tox"]
tests = ["mock", "pytest", "skyfield"]

[[package]]
name = "slacker"
version = "0.14.0"
description = "Slack API client"
category = "main"
optional = false
python-versions = "*"

[package.dependencies]
requests = ">=2.2.1"

[[package]]
name = "stevedore"
version = "1.32.0"
description = "Manage dynamic plugins for Python applications"
category = "main"
optional = false
python-versions = "*"

[package.dependencies]
pbr = ">=2.0.0,<2.1.0 || >2.1.0"
six = ">=1.10.0"

[[package]]
name = "tenacity"
version = "6.1.0"
description = "Retry code until it succeeds"
category = "main"
optional = false
python-versions = "*"

[package.dependencies]
six = ">=1.9.0"

[package.extras]
doc = ["reno", "sphinx", "tornado (>=4.5)"]

[[package]]
name = "toml"
version = "0.10.0"
description = "Python Library for Tom's Obvious, Minimal Language"
category = "main"
optional = false
python-versions = "*"

[[package]]
name = "unidecode"
version = "1.1.1"
description = "ASCII transliterations of Unicode text"
category = "main"
optional = false
python-versions = ">=2.7, !=3.0.*, !=3.1.*, !=3.2.*, !=3.3.*"

[[package]]
name = "urllib3"
version = "1.25.8"
description = "HTTP library with thread-safe connection pooling, file post, and more."
category = "main"
optional = false
python-versions = ">=2.7, !=3.0.*, !=3.1.*, !=3.2.*, !=3.3.*, !=3.4.*, <4"

[package.extras]
brotli = ["brotlipy (>=0.6.0)"]
secure = ["certifi", "cryptography (>=1.3.4)", "idna (>=2.0.0)", "ipaddress", "pyOpenSSL (>=0.14)"]
socks = ["PySocks (>=1.5.6,!=1.5.7,<2.0)"]

[[package]]
name = "whistle"
version = "1.0.1"
description = "Event dispatcher (see python-whistle.github.io)."
category = "main"
optional = false
python-versions = ">=3.5"

[package.extras]
dev = ["coverage (>=4.4,<5.0)", "pytest (>=3.4,<4.0)", "pytest-cov (>=2.5,<3.0)", "pytest-sugar (>=0.9.1,<0.10.0)", "sphinx (>=1.7,<2.0)", "yapf"]

[[package]]
name = "workalendar"
version = "8.4.0"
description = "Worldwide holidays and working days helper and toolkit."
category = "main"
optional = false
python-versions = "*"

[package.dependencies]
lunardate = "*"
pyCalverter = "*"
pyluach = "*"
python-dateutil = "*"
pytz = "*"
setuptools = ">=1.0"
skyfield = "*"
skyfield-data = "*"

[metadata]
lock-version = "1.1"
python-versions = "^3.6"
content-hash = "04e9e477ec5e1bcafcd4cc954dcfac0a0084489d9e529ee1ab26ef5961394c6f"

[metadata.files]
appdirs = [
    {file = "appdirs-1.4.3-py2.py3-none-any.whl", hash = "sha256:d8b24664561d0d34ddfaec54636d502d7cea6e29c3eaf68f3df6180863e2166e"},
    {file = "appdirs-1.4.3.tar.gz", hash = "sha256:9e5896d1372858f8dd3344faf4e5014d21849c756c8d5701f78f8a103b372d92"},
]
bonobo = [
    {file = "bonobo-0.6.4-py2.py3-none-any.whl", hash = "sha256:b0ad6b99238ddda74a99c6ba141eb3eea56df03f9ffc62ddda189800444038b8"},
    {file = "bonobo-0.6.4.tar.gz", hash = "sha256:cde6810082cd532bd685a815455a80a364e87b27ed8660a400d5ebb6e3dc8250"},
]
certifi = [
    {file = "certifi-2022.12.7-py3-none-any.whl", hash = "sha256:4ad3232f5e926d6718ec31cfc1fcadfde020920e278684144551c91769c7bc18"},
    {file = "certifi-2022.12.7.tar.gz", hash = "sha256:35824b4c3a97115964b408844d64aa14db1cc518f6562e8d7261699d1350a9e3"},
]
chardet = [
    {file = "chardet-3.0.4-py2.py3-none-any.whl", hash = "sha256:fc323ffcaeaed0e0a02bf4d117757b98aed530d9ed4531e3e15460124c106691"},
    {file = "chardet-3.0.4.tar.gz", hash = "sha256:84ab92ed1c4d4f16916e05906b6b75a6c0fb5db821cc65e70cbd64a3e2a5eaae"},
]
colorama = [
    {file = "colorama-0.3.9-py2.py3-none-any.whl", hash = "sha256:463f8483208e921368c9f306094eb6f725c6ca42b0f97e313cb5d5512459feda"},
    {file = "colorama-0.3.9.tar.gz", hash = "sha256:48eb22f4f8461b1df5734a074b57042430fb06e1d61bd1e11b078c0fe6d7a1f1"},
]
dpath = [
    {file = "dpath-2.0.1.tar.gz", hash = "sha256:bea06b5f4ff620a28dfc9848cf4d6b2bfeed34238edeb8ebe815c433b54eb1fa"},
]
emoji = [
    {file = "emoji-0.5.4.tar.gz", hash = "sha256:60652d3a2dcee5b8af8acb097c31776fb6d808027aeb7221830f72cdafefc174"},
]
fs = [
    {file = "fs-2.4.11-py2.py3-none-any.whl", hash = "sha256:cd6b178f373a0370feac8612fd3c142aa6a5cadd3d471b525b08db4d3b511c9c"},
    {file = "fs-2.4.11.tar.gz", hash = "sha256:cc99d476b500f993df8ef697b96dc70928ca2946a455c396a566efe021126767"},
]
graphviz = [
    {file = "graphviz-0.8.4-py2.py3-none-any.whl", hash = "sha256:7caa53f0b0be42c5f2eaa3f3d71dcc863b15bacceb5d531c2ad7519e1980ff82"},
    {file = "graphviz-0.8.4.zip", hash = "sha256:4958a19cbd8461757a08db308a4a15c3d586660417e1e364f0107d2fe481689f"},
]
idna = [
    {file = "idna-2.9-py2.py3-none-any.whl", hash = "sha256:a068a21ceac8a4d63dbfd964670474107f541babbd2250d61922f029858365fa"},
    {file = "idna-2.9.tar.gz", hash = "sha256:7588d1c14ae4c77d74036e8c22ff447b26d0fde8f007354fd48a7814db15b7cb"},
]
jinja2 = [
    {file = "Jinja2-2.11.1-py2.py3-none-any.whl", hash = "sha256:b0eaf100007721b5c16c1fc1eecb87409464edc10469ddc9a22a27a99123be49"},
    {file = "Jinja2-2.11.1.tar.gz", hash = "sha256:93187ffbc7808079673ef52771baa950426fd664d3aad1d0fa3e95644360e250"},
]
jplephem = [
    {file = "jplephem-2.14.tar.gz", hash = "sha256:316aa8ebb6d13fd2158c06b2709bcde382d04bf63bb1e48d0bce89937088c6e3"},
]
lunardate = [
    {file = "lunardate-0.2.0-py2-none-any.whl", hash = "sha256:838e84b95d185a12f8bd0c5bdd74864be52d55436bed56927fdc91f4d21ad6b6"},
    {file = "lunardate-0.2.0-py3-none-any.whl", hash = "sha256:5619d625809ebcaa673c4e321cd1ea82e649e9bb47e42e6479fe15bbc2b5bffe"},
    {file = "lunardate-0.2.0.tar.gz", hash = "sha256:6c9c96d9f01522a10ab35df1a9b48707ae64a086f13fd34498b43f465918cc6f"},
]
markupsafe = [
    {file = "MarkupSafe-1.1.1-cp27-cp27m-macosx_10_6_intel.whl", hash = "sha256:09027a7803a62ca78792ad89403b1b7a73a01c8cb65909cd876f7fcebd79b161"},
    {file = "MarkupSafe-1.1.1-cp27-cp27m-manylinux1_i686.whl", hash = "sha256:e249096428b3ae81b08327a63a485ad0878de3fb939049038579ac0ef61e17e7"},
    {file = "MarkupSafe-1.1.1-cp27-cp27m-manylinux1_x86_64.whl", hash = "sha256:500d4957e52ddc3351cabf489e79c91c17f6e0899158447047588650b5e69183"},
    {file = "MarkupSafe-1.1.1-cp27-cp27m-win32.whl", hash = "sha256:b2051432115498d3562c084a49bba65d97cf251f5a331c64a12ee7e04dacc51b"},
    {file = "MarkupSafe-1.1.1-cp27-cp27m-win_amd64.whl", hash = "sha256:98c7086708b163d425c67c7a91bad6e466bb99d797aa64f965e9d25c12111a5e"},
    {file = "MarkupSafe-1.1.1-cp27-cp27mu-manylinux1_i686.whl", hash = "sha256:cd5df75523866410809ca100dc9681e301e3c27567cf498077e8551b6d20e42f"},
    {file = "MarkupSafe-1.1.1-cp27-cp27mu-manylinux1_x86_64.whl", hash = "sha256:43a55c2930bbc139570ac2452adf3d70cdbb3cfe5912c71cdce1c2c6bbd9c5d1"},
    {file = "MarkupSafe-1.1.1-cp34-cp34m-macosx_10_6_intel.whl", hash = "sha256:1027c282dad077d0bae18be6794e6b6b8c91d58ed8a8d89a89d59693b9131db5"},
    {file = "MarkupSafe-1.1.1-cp34-cp34m-manylinux1_i686.whl", hash = "sha256:62fe6c95e3ec8a7fad637b7f3d372c15ec1caa01ab47926cfdf7a75b40e0eac1"},
    {file = "MarkupSafe-1.1.1-cp34-cp34m-manylinux1_x86_64.whl", hash = "sha256:88e5fcfb52ee7b911e8bb6d6aa2fd21fbecc674eadd44118a9cc3863f938e735"},
    {file = "MarkupSafe-1.1.1-cp34-cp34m-win32.whl", hash = "sha256:ade5e387d2ad0d7ebf59146cc00c8044acbd863725f887353a10df825fc8ae21"},
    {file = "MarkupSafe-1.1.1-cp34-cp34m-win_amd64.whl", hash = "sha256:09c4b7f37d6c648cb13f9230d847adf22f8171b1ccc4d5682398e77f40309235"},
    {file = "MarkupSafe-1.1.1-cp35-cp35m-macosx_10_6_intel.whl", hash = "sha256:79855e1c5b8da654cf486b830bd42c06e8780cea587384cf6545b7d9ac013a0b"},
    {file = "MarkupSafe-1.1.1-cp35-cp35m-manylinux1_i686.whl", hash = "sha256:c8716a48d94b06bb3b2524c2b77e055fb313aeb4ea620c8dd03a105574ba704f"},
    {file = "MarkupSafe-1.1.1-cp35-cp35m-manylinux1_x86_64.whl", hash = "sha256:7c1699dfe0cf8ff607dbdcc1e9b9af1755371f92a68f706051cc8c37d447c905"},
    {file = "MarkupSafe-1.1.1-cp35-cp35m-win32.whl", hash = "sha256:6dd73240d2af64df90aa7c4e7481e23825ea70af4b4922f8ede5b9e35f78a3b1"},
    {file = "MarkupSafe-1.1.1-cp35-cp35m-win_amd64.whl", hash = "sha256:9add70b36c5666a2ed02b43b335fe19002ee5235efd4b8a89bfcf9005bebac0d"},
    {file = "MarkupSafe-1.1.1-cp36-cp36m-macosx_10_6_intel.whl", hash = "sha256:24982cc2533820871eba85ba648cd53d8623687ff11cbb805be4ff7b4c971aff"},
    {file = "MarkupSafe-1.1.1-cp36-cp36m-macosx_10_9_x86_64.whl", hash = "sha256:d53bc011414228441014aa71dbec320c66468c1030aae3a6e29778a3382d96e5"},
    {file = "MarkupSafe-1.1.1-cp36-cp36m-manylinux1_i686.whl", hash = "sha256:00bc623926325b26bb9605ae9eae8a215691f33cae5df11ca5424f06f2d1f473"},
    {file = "MarkupSafe-1.1.1-cp36-cp36m-manylinux1_x86_64.whl", hash = "sha256:717ba8fe3ae9cc0006d7c451f0bb265ee07739daf76355d06366154ee68d221e"},
    {file = "MarkupSafe-1.1.1-cp36-cp36m-manylinux2010_i686.whl", hash = "sha256:3b8a6499709d29c2e2399569d96719a1b21dcd94410a586a18526b143ec8470f"},
    {file = "MarkupSafe-1.1.1-cp36-cp36m-manylinux2010_x86_64.whl", hash = "sha256:84dee80c15f1b560d55bcfe6d47b27d070b4681c699c572af2e3c7cc90a3b8e0"},
    {file = "MarkupSafe-1.1.1-cp36-cp36m-manylinux2014_aarch64.whl", hash = "sha256:b1dba4527182c95a0db8b6060cc98ac49b9e2f5e64320e2b56e47cb2831978c7"},
    {file = "MarkupSafe-1.1.1-cp36-cp36m-win32.whl", hash = "sha256:535f6fc4d397c1563d08b88e485c3496cf5784e927af890fb3c3aac7f933ec66"},
    {file = "MarkupSafe-1.1.1-cp36-cp36m-win_amd64.whl", hash = "sha256:b1282f8c00509d99fef04d8ba936b156d419be841854fe901d8ae224c59f0be5"},
    {file = "MarkupSafe-1.1.1-cp37-cp37m-macosx_10_6_intel.whl", hash = "sha256:8defac2f2ccd6805ebf65f5eeb132adcf2ab57aa11fdf4c0dd5169a004710e7d"},
    {file = "MarkupSafe-1.1.1-cp37-cp37m-macosx_10_9_x86_64.whl", hash = "sha256:bf5aa3cbcfdf57fa2ee9cd1822c862ef23037f5c832ad09cfea57fa846dec193"},
    {file = "MarkupSafe-1.1.1-cp37-cp37m-manylinux1_i686.whl", hash = "sha256:46c99d2de99945ec5cb54f23c8cd5689f6d7177305ebff350a58ce5f8de1669e"},
    {file = "MarkupSafe-1.1.1-cp37-cp37m-manylinux1_x86_64.whl", hash = "sha256:ba59edeaa2fc6114428f1637ffff42da1e311e29382d81b339c1817d37ec93c6"},
    {file = "MarkupSafe-1.1.1-cp37-cp37m-manylinux2010_i686.whl", hash = "sha256:6fffc775d90dcc9aed1b89219549b329a9250d918fd0b8fa8d93d154918422e1"},
    {file = "MarkupSafe-1.1.1-cp37-cp37m-manylinux2010_x86_64.whl", hash = "sha256:a6a744282b7718a2a62d2ed9d993cad6f5f585605ad352c11de459f4108df0a1"},
    {file = "MarkupSafe-1.1.1-cp37-cp37m-manylinux2014_aarch64.whl", hash = "sha256:195d7d2c4fbb0ee8139a6cf67194f3973a6b3042d742ebe0a9ed36d8b6f0c07f"},
    {file = "MarkupSafe-1.1.1-cp37-cp37m-win32.whl", hash = "sha256:b00c1de48212e4cc9603895652c5c410df699856a2853135b3967591e4beebc2"},
    {file = "MarkupSafe-1.1.1-cp37-cp37m-win_amd64.whl", hash = "sha256:9bf40443012702a1d2070043cb6291650a0841ece432556f784f004937f0f32c"},
    {file = "MarkupSafe-1.1.1-cp38-cp38-macosx_10_9_x86_64.whl", hash = "sha256:6788b695d50a51edb699cb55e35487e430fa21f1ed838122d722e0ff0ac5ba15"},
    {file = "MarkupSafe-1.1.1-cp38-cp38-manylinux1_i686.whl", hash = "sha256:cdb132fc825c38e1aeec2c8aa9338310d29d337bebbd7baa06889d09a60a1fa2"},
    {file = "MarkupSafe-1.1.1-cp38-cp38-manylinux1_x86_64.whl", hash = "sha256:13d3144e1e340870b25e7b10b98d779608c02016d5184cfb9927a9f10c689f42"},
    {file = "MarkupSafe-1.1.1-cp38-cp38-manylinux2010_i686.whl", hash = "sha256:acf08ac40292838b3cbbb06cfe9b2cb9ec78fce8baca31ddb87aaac2e2dc3bc2"},
    {file = "MarkupSafe-1.1.1-cp38-cp38-manylinux2010_x86_64.whl", hash = "sha256:d9be0ba6c527163cbed5e0857c451fcd092ce83947944d6c14bc95441203f032"},
    {file = "MarkupSafe-1.1.1-cp38-cp38-manylinux2014_aarch64.whl", hash = "sha256:caabedc8323f1e93231b52fc32bdcde6db817623d33e100708d9a68e1f53b26b"},
    {file = "MarkupSafe-1.1.1-cp38-cp38-win32.whl", hash = "sha256:596510de112c685489095da617b5bcbbac7dd6384aeebeda4df6025d0256a81b"},
    {file = "MarkupSafe-1.1.1-cp38-cp38-win_amd64.whl", hash = "sha256:e8313f01ba26fbbe36c7be1966a7b7424942f670f38e666995b88d012765b9be"},
    {file = "MarkupSafe-1.1.1-cp39-cp39-macosx_10_9_x86_64.whl", hash = "sha256:d73a845f227b0bfe8a7455ee623525ee656a9e2e749e4742706d80a6065d5e2c"},
    {file = "MarkupSafe-1.1.1-cp39-cp39-manylinux1_i686.whl", hash = "sha256:98bae9582248d6cf62321dcb52aaf5d9adf0bad3b40582925ef7c7f0ed85fceb"},
    {file = "MarkupSafe-1.1.1-cp39-cp39-manylinux1_x86_64.whl", hash = "sha256:2beec1e0de6924ea551859edb9e7679da6e4870d32cb766240ce17e0a0ba2014"},
    {file = "MarkupSafe-1.1.1-cp39-cp39-manylinux2010_i686.whl", hash = "sha256:7fed13866cf14bba33e7176717346713881f56d9d2bcebab207f7a036f41b850"},
    {file = "MarkupSafe-1.1.1-cp39-cp39-manylinux2010_x86_64.whl", hash = "sha256:6f1e273a344928347c1290119b493a1f0303c52f5a5eae5f16d74f48c15d4a85"},
    {file = "MarkupSafe-1.1.1-cp39-cp39-manylinux2014_aarch64.whl", hash = "sha256:feb7b34d6325451ef96bc0e36e1a6c0c1c64bc1fbec4b854f4529e51887b1621"},
    {file = "MarkupSafe-1.1.1-cp39-cp39-win32.whl", hash = "sha256:22c178a091fc6630d0d045bdb5992d2dfe14e3259760e713c490da5323866c39"},
    {file = "MarkupSafe-1.1.1-cp39-cp39-win_amd64.whl", hash = "sha256:b7d644ddb4dbd407d31ffb699f1d140bc35478da613b441c582aeb7c43838dd8"},
    {file = "MarkupSafe-1.1.1.tar.gz", hash = "sha256:29872e92839765e546828bb7754a68c418d927cd064fd4708fab9fe9c8bb116b"},
]
mondrian = [
    {file = "mondrian-0.8.0-py2.py3-none-any.whl", hash = "sha256:45df2e114050f43ee8c4e338dc109cee57e47f905e47fc2a73d029c56a2939d9"},
    {file = "mondrian-0.8.0.tar.gz", hash = "sha256:48f3d4bc658cdf8ac1cce7939b9ec7ff0651b2c6a0396583e6063cc61c6c7ca0"},
]
numpy = [
    {file = "numpy-1.18.2-cp35-cp35m-macosx_10_9_x86_64.whl", hash = "sha256:a1baa1dc8ecd88fb2d2a651671a84b9938461e8a8eed13e2f0a812a94084d1fa"},
    {file = "numpy-1.18.2-cp35-cp35m-manylinux1_i686.whl", hash = "sha256:a244f7af80dacf21054386539699ce29bcc64796ed9850c99a34b41305630286"},
    {file = "numpy-1.18.2-cp35-cp35m-manylinux1_x86_64.whl", hash = "sha256:6fcc5a3990e269f86d388f165a089259893851437b904f422d301cdce4ff25c8"},
    {file = "numpy-1.18.2-cp35-cp35m-win32.whl", hash = "sha256:b5ad0adb51b2dee7d0ee75a69e9871e2ddfb061c73ea8bc439376298141f77f5"},
    {file = "numpy-1.18.2-cp35-cp35m-win_amd64.whl", hash = "sha256:87902e5c03355335fc5992a74ba0247a70d937f326d852fc613b7f53516c0963"},
    {file = "numpy-1.18.2-cp36-cp36m-macosx_10_9_x86_64.whl", hash = "sha256:9ab21d1cb156a620d3999dd92f7d1c86824c622873841d6b080ca5495fa10fef"},
    {file = "numpy-1.18.2-cp36-cp36m-manylinux1_i686.whl", hash = "sha256:cdb3a70285e8220875e4d2bc394e49b4988bdb1298ffa4e0bd81b2f613be397c"},
    {file = "numpy-1.18.2-cp36-cp36m-manylinux1_x86_64.whl", hash = "sha256:6d205249a0293e62bbb3898c4c2e1ff8a22f98375a34775a259a0523111a8f6c"},
    {file = "numpy-1.18.2-cp36-cp36m-win32.whl", hash = "sha256:a35af656a7ba1d3decdd4fae5322b87277de8ac98b7d9da657d9e212ece76a61"},
    {file = "numpy-1.18.2-cp36-cp36m-win_amd64.whl", hash = "sha256:1598a6de323508cfeed6b7cd6c4efb43324f4692e20d1f76e1feec7f59013448"},
    {file = "numpy-1.18.2-cp37-cp37m-macosx_10_9_x86_64.whl", hash = "sha256:deb529c40c3f1e38d53d5ae6cd077c21f1d49e13afc7936f7f868455e16b64a0"},
    {file = "numpy-1.18.2-cp37-cp37m-manylinux1_i686.whl", hash = "sha256:cd77d58fb2acf57c1d1ee2835567cd70e6f1835e32090538f17f8a3a99e5e34b"},
    {file = "numpy-1.18.2-cp37-cp37m-manylinux1_x86_64.whl", hash = "sha256:b1fe1a6f3a6f355f6c29789b5927f8bd4f134a4bd9a781099a7c4f66af8850f5"},
    {file = "numpy-1.18.2-cp37-cp37m-win32.whl", hash = "sha256:2e40be731ad618cb4974d5ba60d373cdf4f1b8dcbf1dcf4d9dff5e212baf69c5"},
    {file = "numpy-1.18.2-cp37-cp37m-win_amd64.whl", hash = "sha256:4ba59db1fcc27ea31368af524dcf874d9277f21fd2e1f7f1e2e0c75ee61419ed"},
    {file = "numpy-1.18.2-cp38-cp38-macosx_10_9_x86_64.whl", hash = "sha256:59ca9c6592da581a03d42cc4e270732552243dc45e87248aa8d636d53812f6a5"},
    {file = "numpy-1.18.2-cp38-cp38-manylinux1_i686.whl", hash = "sha256:1b0ece94018ae21163d1f651b527156e1f03943b986188dd81bc7e066eae9d1c"},
    {file = "numpy-1.18.2-cp38-cp38-manylinux1_x86_64.whl", hash = "sha256:82847f2765835c8e5308f136bc34018d09b49037ec23ecc42b246424c767056b"},
    {file = "numpy-1.18.2-cp38-cp38-win32.whl", hash = "sha256:5e0feb76849ca3e83dd396254e47c7dba65b3fa9ed3df67c2556293ae3e16de3"},
    {file = "numpy-1.18.2-cp38-cp38-win_amd64.whl", hash = "sha256:ba3c7a2814ec8a176bb71f91478293d633c08582119e713a0c5351c0f77698da"},
    {file = "numpy-1.18.2.zip", hash = "sha256:e7894793e6e8540dbeac77c87b489e331947813511108ae097f1715c018b8f3d"},
]
packaging = [
    {file = "packaging-19.2-py2.py3-none-any.whl", hash = "sha256:d9551545c6d761f3def1677baf08ab2a3ca17c56879e70fecba2fc4dde4ed108"},
    {file = "packaging-19.2.tar.gz", hash = "sha256:28b924174df7a2fa32c1953825ff29c61e2f5e082343165438812f00d3a7fc47"},
]
pbr = [
    {file = "pbr-5.4.5-py2.py3-none-any.whl", hash = "sha256:579170e23f8e0c2f24b0de612f71f648eccb79fb1322c814ae6b3c07b5ba23e8"},
    {file = "pbr-5.4.5.tar.gz", hash = "sha256:07f558fece33b05caf857474a366dfcc00562bca13dd8b47b2b3e22d9f9bf55c"},
]
psutil = [
    {file = "psutil-5.7.0-cp27-none-win32.whl", hash = "sha256:298af2f14b635c3c7118fd9183843f4e73e681bb6f01e12284d4d70d48a60953"},
    {file = "psutil-5.7.0-cp27-none-win_amd64.whl", hash = "sha256:75e22717d4dbc7ca529ec5063000b2b294fc9a367f9c9ede1f65846c7955fd38"},
    {file = "psutil-5.7.0-cp35-cp35m-win32.whl", hash = "sha256:f344ca230dd8e8d5eee16827596f1c22ec0876127c28e800d7ae20ed44c4b310"},
    {file = "psutil-5.7.0-cp35-cp35m-win_amd64.whl", hash = "sha256:e2d0c5b07c6fe5a87fa27b7855017edb0d52ee73b71e6ee368fae268605cc3f5"},
    {file = "psutil-5.7.0-cp36-cp36m-win32.whl", hash = "sha256:a02f4ac50d4a23253b68233b07e7cdb567bd025b982d5cf0ee78296990c22d9e"},
    {file = "psutil-5.7.0-cp36-cp36m-win_amd64.whl", hash = "sha256:1413f4158eb50e110777c4f15d7c759521703bd6beb58926f1d562da40180058"},
    {file = "psutil-5.7.0-cp37-cp37m-win32.whl", hash = "sha256:d008ddc00c6906ec80040d26dc2d3e3962109e40ad07fd8a12d0284ce5e0e4f8"},
    {file = "psutil-5.7.0-cp37-cp37m-win_amd64.whl", hash = "sha256:73f35ab66c6c7a9ce82ba44b1e9b1050be2a80cd4dcc3352cc108656b115c74f"},
    {file = "psutil-5.7.0-cp38-cp38-win32.whl", hash = "sha256:60b86f327c198561f101a92be1995f9ae0399736b6eced8f24af41ec64fb88d4"},
    {file = "psutil-5.7.0-cp38-cp38-win_amd64.whl", hash = "sha256:d84029b190c8a66a946e28b4d3934d2ca1528ec94764b180f7d6ea57b0e75e26"},
    {file = "psutil-5.7.0.tar.gz", hash = "sha256:685ec16ca14d079455892f25bd124df26ff9137664af445563c1bd36629b5e0e"},
]
pycalverter = [
    {file = "pyCalverter-1.6.1.tar.gz", hash = "sha256:91e26c5d06dfe1495e5b946a724ae691e57ea634ee4a9529a7952b837c041111"},
]
pyluach = [
    {file = "pyluach-1.0.1-py3-none-any.whl", hash = "sha256:f487c5c73c369f55422548acd6522912cca9f71d98aee64335389184c10239fb"},
    {file = "pyluach-1.0.1.tar.gz", hash = "sha256:4d4ad7a680390d5fe29bf5191939b801fd1b72a85f5c6713038160a265af62f7"},
]
pyparsing = [
    {file = "pyparsing-2.4.7-py2.py3-none-any.whl", hash = "sha256:ef9d7589ef3c200abe66653d3f1ab1033c3c419ae9b9bdb1240a85b024efc88b"},
    {file = "pyparsing-2.4.7.tar.gz", hash = "sha256:c203ec8783bf771a155b207279b9bccb8dea02d8f0c9e5f8ead507bc3246ecc1"},
]
python-dateutil = [
    {file = "python-dateutil-2.8.1.tar.gz", hash = "sha256:73ebfe9dbf22e832286dafa60473e4cd239f8592f699aa5adaf10050e6e1823c"},
    {file = "python_dateutil-2.8.1-py2.py3-none-any.whl", hash = "sha256:75bb3f31ea686f1197762692a9ee6a7550b59fc6ca3a1f4b5d7e32fb98e2da2a"},
]
python-slugify = [
    {file = "python-slugify-1.2.6.tar.gz", hash = "sha256:7723daf30996db26573176bddcdf5fcb98f66dc70df05c9cb29f2c79b8193245"},
]
pytz = [
    {file = "pytz-2019.3-py2.py3-none-any.whl", hash = "sha256:1c557d7d0e871de1f5ccd5833f60fb2550652da6be2693c1e02300743d21500d"},
    {file = "pytz-2019.3.tar.gz", hash = "sha256:b02c06db6cf09c12dd25137e563b31700d3b80fcc4ad23abb7a315f2789819be"},
]
requests = [
    {file = "requests-2.23.0-py2.py3-none-any.whl", hash = "sha256:43999036bfa82904b6af1d99e4882b560e5e2c68e5c4b0aa03b655f3d7d73fee"},
    {file = "requests-2.23.0.tar.gz", hash = "sha256:b3f43d496c6daba4493e7c431722aeb7dbc6288f52a6e04e7b6023b0247817e6"},
]
setuptools = [
    {file = "setuptools-59.6.0-py3-none-any.whl", hash = "sha256:4ce92f1e1f8f01233ee9952c04f6b81d1e02939d6e1b488428154974a4d0783e"},
    {file = "setuptools-59.6.0.tar.gz", hash = "sha256:22c7348c6d2976a52632c67f7ab0cdf40147db7789f9aed18734643fe9cf3373"},
]
sgp4 = [
    {file = "sgp4-2.5-cp35-cp35m-macosx_10_6_intel.whl", hash = "sha256:c3a3c805de530e095a41610322d282e25f1c56022f1e9d5443c38471da517298"},
    {file = "sgp4-2.5-cp35-cp35m-manylinux1_i686.whl", hash = "sha256:f4903e69c811548385fa321a5aa17c37eff1f292d0587a6565611682b7a5ba8e"},
    {file = "sgp4-2.5-cp35-cp35m-manylinux1_x86_64.whl", hash = "sha256:efa5f0340d82ec78e646d96ad93dc3cd34a91dfb624da581940e89f44c315593"},
    {file = "sgp4-2.5-cp35-cp35m-manylinux2010_i686.whl", hash = "sha256:b28011fb40a77dd086da35ffef2c64a0b19140f2e3e27eff2559de46bb3d4c51"},
    {file = "sgp4-2.5-cp35-cp35m-manylinux2010_x86_64.whl", hash = "sha256:a405b09f1856fad81d0affe2632e708ba2b40722ba62b3659409d6bd08a1957a"},
    {file = "sgp4-2.5-cp35-cp35m-win32.whl", hash = "sha256:12b2af195a85cafe8b487c3760b46e56d0795d8318157804d221fdac12ac21f8"},
    {file = "sgp4-2.5-cp35-cp35m-win_amd64.whl", hash = "sha256:0e37751cf68d0b9d3417e4bcb1973e52f032b5dc29d57dd264f2e5c330ef9ce4"},
    {file = "sgp4-2.5-cp36-cp36m-macosx_10_6_intel.whl", hash = "sha256:10df60fdc42664adff887cee56e2176111a263178ac1042a9b78cd2be14c3481"},
    {file = "sgp4-2.5-cp36-cp36m-manylinux1_i686.whl", hash = "sha256:aa67c4a29af89900c6aacb989a7e985fc333c969efc484abccf822fbbbf2823b"},
    {file = "sgp4-2.5-cp36-cp36m-manylinux1_x86_64.whl", hash = "sha256:fd772762900820fde6afd5fc16e4f1169cf92bf9ea092c427cd2a51e19c8d12e"},
    {file = "sgp4-2.5-cp36-cp36m-manylinux2010_i686.whl", hash = "sha256:e9efffe84dd226987c8c517558fa76ffcd1ca18ab6805cdafa2ec2c802a21f2f"},
    {file = "sgp4-2.5-cp36-cp36m-manylinux2010_x86_64.whl", hash = "sha256:c6a6aca72cb2d5634c61b00485050f50c464097c092f4ccb91180c409f6b6163"},
    {file = "sgp4-2.5-cp36-cp36m-win32.whl", hash = "sha256:fb5a6316752c216b209e4bd99d255dc8268e8e6e6772b15523c4a833f4fbccbe"},
    {file = "sgp4-2.5-cp36-cp36m-win_amd64.whl", hash = "sha256:80ac7ed9a17ffb19cb29351632b1a1c8127d4f3c8f3ed1d6433c284c86abe291"},
    {file = "sgp4-2.5-cp37-cp37m-macosx_10_6_intel.whl", hash = "sha256:182ae95105d3429d96c297a42010b1817ad3e4659ca7e4d1609ebe5b3f52e0e4"},
    {file = "sgp4-2.5-cp37-cp37m-manylinux1_i686.whl", hash = "sha256:e88b85f0eb93d9aebffaa62cd855289ab4624eb9ebad046ec0bcc05ba90ce281"},
    {file = "sgp4-2.5-cp37-cp37m-manylinux1_x86_64.whl", hash = "sha256:32de5355342778362a644e0c59785a79bb67a233722f38b67b7c66d5f40e1034"},
    {file = "sgp4-2.5-cp37-cp37m-manylinux2010_i686.whl", hash = "sha256:39e78532ae67ece8fa2d9f6c3c0a0ef4fe95625edb24bed251f35f7c5b119784"},
    {file = "sgp4-2.5-cp37-cp37m-manylinux2010_x86_64.whl", hash = "sha256:ab06070478dd2c4202387474639ed7af3796844ace3c40f736e2f799fd84181d"},
    {file = "sgp4-2.5-cp37-cp37m-win32.whl", hash = "sha256:32025ee37f4e44e1a895e9fe6de1be976b24b1403c09738cc3a0eb74f6a9c300"},
    {file = "sgp4-2.5-cp37-cp37m-win_amd64.whl", hash = "sha256:989e0866e21e9b64d9f5cb917b52b0d6aadb6e45d99721b75861814060f61945"},
    {file = "sgp4-2.5-cp38-cp38-macosx_10_9_x86_64.whl", hash = "sha256:1f45e2565dbeef2dd942c636b448a7779281f510925072d01fdaaf3d234cf01c"},
    {file = "sgp4-2.5-cp38-cp38-manylinux1_i686.whl", hash = "sha256:91ec10456396f0401ece96a6f11e62a2e20dc68cce7e21536de8bfad77dee269"},
    {file = "sgp4-2.5-cp38-cp38-manylinux1_x86_64.whl", hash = "sha256:a1ce011e4ad59ca9ba73bd6c771e20f1734e00c1c288b8840a69618d4cdc6d9b"},
    {file = "sgp4-2.5-cp38-cp38-manylinux2010_i686.whl", hash = "sha256:21a320bb9e625ce1d869a3fc2a433e9aae5b8c7dcee6304763d506b7809f8ca2"},
    {file = "sgp4-2.5-cp38-cp38-manylinux2010_x86_64.whl", hash = "sha256:f4ab45730bb7ee2c39c8559ee78a70477739269a422771a39894eb184166414f"},
    {file = "sgp4-2.5-cp38-cp38-win32.whl", hash = "sha256:51f0f5d8faebfb0741fa68d3b6dd4812e1413b52bcb5bfc5b2e5e4be5051f038"},
    {file = "sgp4-2.5-cp38-cp38-win_amd64.whl", hash = "sha256:8da88488855fd083faf315ef46161b88a9ffd44fb1faba269f709923e6f27bfb"},
    {file = "sgp4-2.5-py2-none-any.whl", hash = "sha256:c09c5621cd1d0ae578106342395a3eef0351e80a70ed82b1eb97c24f2008791e"},
    {file = "sgp4-2.5.tar.gz", hash = "sha256:f37528c1a712a550ce886996b895f685441068792fd5bee4e5ad1f54af173dfb"},
]
six = [
    {file = "six-1.14.0-py2.py3-none-any.whl", hash = "sha256:8f3cd2e254d8f793e7f3d6d9df77b92252b52637291d0f0da013c76ea2724b6c"},
    {file = "six-1.14.0.tar.gz", hash = "sha256:236bdbdce46e6e6a3d61a337c0f8b763ca1e8717c03b369e87a7ec7ce1319c0a"},
]
skyfield = [
    {file = "skyfield-1.18.tar.gz", hash = "sha256:5ea2c35a8c186b29aee38422f4e2e138a7fbe1395d7c566550b1ee8185e15e14"},
]
skyfield-data = [
    {file = "skyfield-data-0.1.0.tar.gz", hash = "sha256:bae8e2d29936cae1c919ae4190aa523659043c43789631bd81de8c3b9b3815f7"},
    {file = "skyfield_data-0.1.0-py2.py3-none-any.whl", hash = "sha256:b9b390ebe76acfdb63ed63bd47ec941c22b37b4f3deb30d10e9828f872d2cd05"},
]
slacker = [
    {file = "slacker-0.14.0.tar.gz", hash = "sha256:1ae7c597025c114e202b5c880345f150f795665bfc638010cac614ede4ed5108"},
]
stevedore = [
    {file = "stevedore-1.32.0-py2.py3-none-any.whl", hash = "sha256:a4e7dc759fb0f2e3e2f7d8ffe2358c19d45b9b8297f393ef1256858d82f69c9b"},
    {file = "stevedore-1.32.0.tar.gz", hash = "sha256:18afaf1d623af5950cc0f7e75e70f917784c73b652a34a12d90b309451b5500b"},
]
tenacity = [
    {file = "tenacity-6.1.0-py2.py3-none-any.whl", hash = "sha256:f7bcbf5bb53875cfc38f61f596a88b1c994af32420f120c4409542a683ad613b"},
    {file = "tenacity-6.1.0.tar.gz", hash = "sha256:fb01d8ef2474eed422d8314a566c9e391cccb6e50cf4585022add6cb5cda66c8"},
]
toml = [
    {file = "toml-0.10.0-py2.py3-none-any.whl", hash = "sha256:235682dd292d5899d361a811df37e04a8828a5b1da3115886b73cf81ebc9100e"},
    {file = "toml-0.10.0.tar.gz", hash = "sha256:229f81c57791a41d65e399fc06bf0848bab550a9dfd5ed66df18ce5f05e73d5c"},
]
unidecode = [
    {file = "Unidecode-1.1.1-py2.py3-none-any.whl", hash = "sha256:1d7a042116536098d05d599ef2b8616759f02985c85b4fef50c78a5aaf10822a"},
    {file = "Unidecode-1.1.1.tar.gz", hash = "sha256:2b6aab710c2a1647e928e36d69c21e76b453cd455f4e2621000e54b2a9b8cce8"},
]
urllib3 = [
    {file = "urllib3-1.25.8-py2.py3-none-any.whl", hash = "sha256:2f3db8b19923a873b3e5256dc9c2dedfa883e33d87c690d9c7913e1f40673cdc"},
    {file = "urllib3-1.25.8.tar.gz", hash = "sha256:87716c2d2a7121198ebcb7ce7cccf6ce5e9ba539041cfbaeecfb641dc0bf6acc"},
]
whistle = [
    {file = "whistle-1.0.1-py3-none-any.whl", hash = "sha256:fb38d24a97b2ebc436aad3e79e28f8782dc31fb94a6568532655d02be727fd57"},
    {file = "whistle-1.0.1.tar.gz", hash = "sha256:960775d90bd26cab4b135df901593cee7ae9e99c489d4e2c8d6224355c5f2b90"},
]
workalendar = [
    {file = "workalendar-8.4.0-py3-none-any.whl", hash = "sha256:e09d0dd0ee1d5a1898f4fe0d5f06b9e667c6b169e83f846a73086a2dfcd242a3"},
    {file = "workalendar-8.4.0.tar.gz", hash = "sha256:ee958862db1bb258ddb88b55f21e648f85ab0d6df71c958276589cc510e485c4"},
]
